
Microsoft Visual Studio Solution File, Format Version 12.00
# Visual Studio 15
VisualStudioVersion = 15.0.28307.168
MinimumVisualStudioVersion = 10.0.40219.1
Project("{FAE04EC0-301F-11D3-BF4B-00C04F79EFBC}") = "Trawick.Rest", "Trawick.Rest\Trawick.Rest.csproj", "{FFCFCF56-774E-4130-A7E5-4A96AA1EDFEE}"
EndProject
Project("{FAE04EC0-301F-11D3-BF4B-00C04F79EFBC}") = "Trawick.Data", "..\Trawick.Enrollment.Data\Trawick.Data.csproj", "{274AEB51-FBEC-4F22-88F8-B27DF44C20E7}"
EndProject
Project("{FAE04EC0-301F-11D3-BF4B-00C04F79EFBC}") = "Trawick.Data.Models", "..\Trawick.Enrollment.Processor\EnrollmentProcessor\Trawick.Data.Models.csproj", "{8E8AE784-7021-4152-BC1E-EF1C6EBC0CF7}"
EndProject
Project("{FAE04EC0-301F-11D3-BF4B-00C04F79EFBC}") = "Trawick.Email", "..\Trawick.Email\Trawick.Email\Trawick.Email.csproj", "{15174706-0383-484D-B4AD-D3BE569D3A78}"
EndProject
Project("{FAE04EC0-301F-11D3-BF4B-00C04F79EFBC}") = "Trawick.Common", "..\Trawick.Common\Trawick.Common\Trawick.Common.csproj", "{24BC4FDD-24D6-45F9-9C44-BA18CDB40023}"
EndProject
Global
	GlobalSection(SolutionConfigurationPlatforms) = preSolution
		Debug|Any CPU = Debug|Any CPU
		Release|Any CPU = Release|Any CPU
	EndGlobalSection
	GlobalSection(ProjectConfigurationPlatforms) = postSolution
		{FFCFCF56-774E-4130-A7E5-4A96AA1EDFEE}.Debug|Any CPU.ActiveCfg = Debug|Any CPU
		{FFCFCF56-774E-4130-A7E5-4A96AA1EDFEE}.Debug|Any CPU.Build.0 = Debug|Any CPU
		{FFCFCF56-774E-4130-A7E5-4A96AA1EDFEE}.Release|Any CPU.ActiveCfg = Release|Any CPU
		{FFCFCF56-774E-4130-A7E5-4A96AA1EDFEE}.Release|Any CPU.Build.0 = Release|Any CPU
		{274AEB51-FBEC-4F22-88F8-B27DF44C20E7}.Debug|Any CPU.ActiveCfg = Debug|Any CPU
		{274AEB51-FBEC-4F22-88F8-B27DF44C20E7}.Debug|Any CPU.Build.0 = Debug|Any CPU
		{274AEB51-FBEC-4F22-88F8-B27DF44C20E7}.Release|Any CPU.ActiveCfg = Release|Any CPU
		{274AEB51-FBEC-4F22-88F8-B27DF44C20E7}.Release|Any CPU.Build.0 = Release|Any CPU
		{8E8AE784-7021-4152-BC1E-EF1C6EBC0CF7}.Debug|Any CPU.ActiveCfg = Debug|Any CPU
		{8E8AE784-7021-4152-BC1E-EF1C6EBC0CF7}.Debug|Any CPU.Build.0 = Debug|Any CPU
		{8E8AE784-7021-4152-BC1E-EF1C6EBC0CF7}.Release|Any CPU.ActiveCfg = Release|Any CPU
		{8E8AE784-7021-4152-BC1E-EF1C6EBC0CF7}.Release|Any CPU.Build.0 = Release|Any CPU
		{15174706-0383-484D-B4AD-D3BE569D3A78}.Debug|Any CPU.ActiveCfg = Debug|Any CPU
		{15174706-0383-484D-B4AD-D3BE569D3A78}.Debug|Any CPU.Build.0 = Debug|Any CPU
		{15174706-0383-484D-B4AD-D3BE569D3A78}.Release|Any CPU.ActiveCfg = Release|Any CPU
		{15174706-0383-484D-B4AD-D3BE569D3A78}.Release|Any CPU.Build.0 = Release|Any CPU
		{24BC4FDD-24D6-45F9-9C44-BA18CDB40023}.Debug|Any CPU.ActiveCfg = Debug|Any CPU
		{24BC4FDD-24D6-45F9-9C44-BA18CDB40023}.Debug|Any CPU.Build.0 = Debug|Any CPU
		{24BC4FDD-24D6-45F9-9C44-BA18CDB40023}.Release|Any CPU.ActiveCfg = Release|Any CPU
		{24BC4FDD-24D6-45F9-9C44-BA18CDB40023}.Release|Any CPU.Build.0 = Release|Any CPU
	EndGlobalSection
	GlobalSection(SolutionProperties) = preSolution
		HideSolutionNode = FALSE
	EndGlobalSection
	GlobalSection(ExtensibilityGlobals) = postSolution
		SolutionGuid = {74F034DA-46D5-49BB-89B0-DC4FD30C119D}
	EndGlobalSection
EndGlobal
